Microsoft Visual Studio Solution File, Format Version 12.00
# Visual Studio Version 17
VisualStudioVersion = 17.5.2.0
MinimumVisualStudioVersion = 10.0.40219.1
Project("{FAE04EC0-301F-11D3-BF4B-00C04F79EFBC}") = "LanguageApp.Dotnet", "LanguageApp.Dotnet.csproj", "{FFB623C4-1205-0465-B787-CB3CCF1AB274}"
EndProject
Global
	GlobalSection(SolutionConfigurationPlatforms) = preSolution
		Debug|Any CPU = Debug|Any CPU
		Release|Any CPU = Release|Any CPU
	EndGlobalSection
	GlobalSection(ProjectConfigurationPlatforms) = postSolution
		{FFB623C4-1205-0465-B787-CB3CCF1AB274}.Debug|Any CPU.ActiveCfg = Debug|Any CPU
		{FFB623C4-1205-0465-B787-CB3CCF1AB274}.Debug|Any CPU.Build.0 = Debug|Any CPU
		{FFB623C4-1205-0465-B787-CB3CCF1AB274}.Release|Any CPU.ActiveCfg = Release|Any CPU
		{FFB623C4-1205-0465-B787-CB3CCF1AB274}.Release|Any CPU.Build.0 = Release|Any CPU
	EndGlobalSection
	GlobalSection(SolutionProperties) = preSolution
		HideSolutionNode = FALSE
	EndGlobalSection
	GlobalSection(ExtensibilityGlobals) = postSolution
		SolutionGuid = {3CFEED31-A68A-4E82-BFF9-F24026ABEA3F}
	EndGlobalSection
EndGlobal
